{
  "name": "prismjs-terminal",
  "version": "0.0.0",
  "lockfileVersion": 2,
  "requires": true,
  "packages": {
    "": {
      "name": "prismjs-terminal",
      "version": "0.0.0",
      "devDependencies": {
        "prismjs-terminal": "latest"
      }
    },
    "node_modules/ansi-regex": {
      "version": "6.0.1",
      "resolved": "https://registry.npmjs.org/ansi-regex/-/ansi-regex-6.0.1.tgz",
      "integrity": "sha512-n5M855fKb2SsfMIiFFoVrABHJC8QtHwVx+mHWP3QcEqBHYienj5dHSgjbxtC0WEZXYt4wcD6zrQElDPhFuZgfA==",
      "dev": true,
      "engines": {
        "node": ">=12"
      },
      "funding": {
        "url": "https://github.com/chalk/ansi-regex?sponsor=1"
      }
    },
    "node_modules/chalk": {
      "version": "5.2.0",
      "resolved": "https://registry.npmjs.org/chalk/-/chalk-5.2.0.tgz",
      "integrity": "sha512-ree3Gqw/nazQAPuJJEy+avdl7QfZMcUvmHIKgEZkGL+xOBzRvup5Hxo6LHuMceSxOabuJLJm5Yp/92R9eMmMvA==",
      "dev": true,
      "engines": {
        "node": "^12.17.0 || ^14.13 || >=16.0.0"
      },
      "funding": {
        "url": "https://github.com/chalk/chalk?sponsor=1"
      }
    },
    "node_modules/char-regex": {
      "version": "2.0.1",
      "resolved": "https://registry.npmjs.org/char-regex/-/char-regex-2.0.1.tgz",
      "integrity": "sha512-oSvEeo6ZUD7NepqAat3RqoucZ5SeqLJgOvVIwkafu6IP3V0pO38s/ypdVUmDDK6qIIHNlYHJAKX9E7R7HoKElw==",
      "dev": true,
      "engines": {
        "node": ">=12.20"
      }
    },
    "node_modules/prismjs": {
      "version": "1.29.0",
      "resolved": "https://registry.npmjs.org/prismjs/-/prismjs-1.29.0.tgz",
      "integrity": "sha512-Kx/1w86q/epKcmte75LNrEoT+lX8pBpavuAbvJWRXar7Hz8jrtF+e3vY751p0R8H9HdArwaCTNDDzHg/ScJK1Q==",
      "dev": true,
      "engines": {
        "node": ">=6"
      }
    },
    "node_modules/prismjs-terminal": {
      "version": "1.0.0",
      "resolved": "https://registry.npmjs.org/prismjs-terminal/-/prismjs-terminal-1.0.0.tgz",
      "integrity": "sha512-VvDD4oijw+JHfnZXgXxYwh3PoPhry7avUVXdNIbryYaGLkTmVRtTp5Kle23N55Xjfjff6T4HfTB+lrPoMk2KLQ==",
      "dev": true,
      "dependencies": {
        "chalk": "^5.2.0",
        "prismjs": "^1.29.0",
        "string-length": "^5.0.1"
      },
      "engines": {
        "node": ">=14"
      },
      "funding": {
        "url": "https://github.com/sponsors/isaacs"
      }
    },
    "node_modules/string-length": {
      "version": "5.0.1",
      "resolved": "https://registry.npmjs.org/string-length/-/string-length-5.0.1.tgz",
      "integrity": "sha512-9Ep08KAMUn0OadnVaBuRdE2l615CQ508kr0XMadjClfYpdCyvrbFp6Taebo8yyxokQ4viUd/xPPUA4FGgUa0ow==",
      "dev": true,
      "dependencies": {
        "char-regex": "^2.0.0",
        "strip-ansi": "^7.0.1"
      },
      "engines": {
        "node": ">=12.20"
      },
      "funding": {
        "url": "https://github.com/sponsors/sindresorhus"
      }
    },
    "node_modules/strip-ansi": {
      "version": "7.1.0",
      "resolved": "https://registry.npmjs.org/strip-ansi/-/strip-ansi-7.1.0.tgz",
      "integrity": "sha512-iq6eVVI64nQQTRYq2KtEg2d2uU7LElhTJwsH4YzIHZshxlgZms/wIc4VoDQTlG/IvVIrBKG06CrZnp0qv7hkcQ==",
      "dev": true,
      "dependencies": {
        "ansi-regex": "^6.0.1"
      },
      "engines": {
        "node": ">=12"
      },
      "funding": {
        "url": "https://github.com/chalk/strip-ansi?sponsor=1"
      }
    }
  },
  "dependencies": {
    "ansi-regex": {
      "version": "6.0.1",
      "resolved": "https://registry.npmjs.org/ansi-regex/-/ansi-regex-6.0.1.tgz",
      "integrity": "sha512-n5M855fKb2SsfMIiFFoVrABHJC8QtHwVx+mHWP3QcEqBHYienj5dHSgjbxtC0WEZXYt4wcD6zrQElDPhFuZgfA==",
      "dev": true
    },
    "chalk": {
      "version": "5.2.0",
      "resolved": "https://registry.npmjs.org/chalk/-/chalk-5.2.0.tgz",
      "integrity": "sha512-ree3Gqw/nazQAPuJJEy+avdl7QfZMcUvmHIKgEZkGL+xOBzRvup5Hxo6LHuMceSxOabuJLJm5Yp/92R9eMmMvA==",
      "dev": true
    },
    "char-regex": {
      "version": "2.0.1",
      "resolved": "https://registry.npmjs.org/char-regex/-/char-regex-2.0.1.tgz",
      "integrity": "sha512-oSvEeo6ZUD7NepqAat3RqoucZ5SeqLJgOvVIwkafu6IP3V0pO38s/ypdVUmDDK6qIIHNlYHJAKX9E7R7HoKElw==",
      "dev": true
    },
    "prismjs": {
      "version": "1.29.0",
      "resolved": "https://registry.npmjs.org/prismjs/-/prismjs-1.29.0.tgz",
      "integrity": "sha512-Kx/1w86q/epKcmte75LNrEoT+lX8pBpavuAbvJWRXar7Hz8jrtF+e3vY751p0R8H9HdArwaCTNDDzHg/ScJK1Q==",
      "dev": true
    },
    "prismjs-terminal": {
      "version": "1.0.0",
      "resolved": "https://registry.npmjs.org/prismjs-terminal/-/prismjs-terminal-1.0.0.tgz",
      "integrity": "sha512-VvDD4oijw+JHfnZXgXxYwh3PoPhry7avUVXdNIbryYaGLkTmVRtTp5Kle23N55Xjfjff6T4HfTB+lrPoMk2KLQ==",
      "dev": true,
      "requires": {
        "chalk": "^5.2.0",
        "prismjs": "^1.29.0",
        "string-length": "^5.0.1"
      }
    },
    "string-length": {
      "version": "5.0.1",
      "resolved": "https://registry.npmjs.org/string-length/-/string-length-5.0.1.tgz",
      "integrity": "sha512-9Ep08KAMUn0OadnVaBuRdE2l615CQ508kr0XMadjClfYpdCyvrbFp6Taebo8yyxokQ4viUd/xPPUA4FGgUa0ow==",
      "dev": true,
      "requires": {
        "char-regex": "^2.0.0",
        "strip-ansi": "^7.0.1"
      }
    },
    "strip-ansi": {
      "version": "7.1.0",
      "resolved": "https://registry.npmjs.org/strip-ansi/-/strip-ansi-7.1.0.tgz",
      "integrity": "sha512-iq6eVVI64nQQTRYq2KtEg2d2uU7LElhTJwsH4YzIHZshxlgZms/wIc4VoDQTlG/IvVIrBKG06CrZnp0qv7hkcQ==",
      "dev": true,
      "requires": {
        "ansi-regex": "^6.0.1"
      }
    }
  }
}
